
Microsoft Visual Studio Solution File, Format Version 12.00
# Visual Studio Version 17
VisualStudioVersion = 17.9.34902.65
MinimumVisualStudioVersion = 10.0.40219.1
Project("{FAE04EC0-301F-11D3-BF4B-00C04F79EFBC}") = "Salmon", "Salmon.csproj", "{41AFC0AA-90FD-4738-90AF-248E35ED3138}"
EndProject
Global
	GlobalSection(SolutionConfigurationPlatforms) = preSolution
		Debug|Any CPU = Debug|Any CPU
		Release|Any CPU = Release|Any CPU
	EndGlobalSection
	GlobalSection(ProjectConfigurationPlatforms) = postSolution
		{41AFC0AA-90FD-4738-90AF-248E35ED3138}.Debug|Any CPU.ActiveCfg = Debug|Any CPU
		{41AFC0AA-90FD-4738-90AF-248E35ED3138}.Debug|Any CPU.Build.0 = Debug|Any CPU
		{41AFC0AA-90FD-4738-90AF-248E35ED3138}.Release|Any CPU.ActiveCfg = Release|Any CPU
		{41AFC0AA-90FD-4738-90AF-248E35ED3138}.Release|Any CPU.Build.0 = Release|Any CPU
	EndGlobalSection
	GlobalSection(SolutionProperties) = preSolution
		HideSolutionNode = FALSE
	EndGlobalSection
	GlobalSection(ExtensibilityGlobals) = postSolution
		SolutionGuid = {B9041BFE-CB20-4081-8589-291B791EBA58}
	EndGlobalSection
EndGlobal
